
Microsoft Visual Studio Solution File, Format Version 12.00
# Visual Studio Version 17
VisualStudioVersion = 17.5.33516.290
MinimumVisualStudioVersion = 10.0.40219.1
Project("{FAE04EC0-301F-11D3-BF4B-00C04F79EFBC}") = "irinaShinovaKt-31-22", "irinaShinovaKt-31-22\irinaShinovaKt-31-22.csproj", "{426E3B73-FA58-490C-A504-B018164C72B5}"
EndProject
Global
	GlobalSection(SolutionConfigurationPlatforms) = preSolution
		Debug|Any CPU = Debug|Any CPU
		Release|Any CPU = Release|Any CPU
	EndGlobalSection
	GlobalSection(ProjectConfigurationPlatforms) = postSolution
		{426E3B73-FA58-490C-A504-B018164C72B5}.Debug|Any CPU.ActiveCfg = Debug|Any CPU
		{426E3B73-FA58-490C-A504-B018164C72B5}.Debug|Any CPU.Build.0 = Debug|Any CPU
		{426E3B73-FA58-490C-A504-B018164C72B5}.Release|Any CPU.ActiveCfg = Release|Any CPU
		{426E3B73-FA58-490C-A504-B018164C72B5}.Release|Any CPU.Build.0 = Release|Any CPU
	EndGlobalSection
	GlobalSection(SolutionProperties) = preSolution
		HideSolutionNode = FALSE
	EndGlobalSection
	GlobalSection(ExtensibilityGlobals) = postSolution
		SolutionGuid = {C1663D26-97A8-45B2-B672-CA01146455C8}
	EndGlobalSection
EndGlobal
